
Microsoft Visual Studio Solution File, Format Version 12.00
# Visual Studio Version 17
VisualStudioVersion = 17.13.35931.197 d17.13
MinimumVisualStudioVersion = 10.0.40219.1
Project("{FAE04EC0-301F-11D3-BF4B-00C04F79EFBC}") = "DoWeTalk", "DoWeTalk.csproj", "{257B26F7-E02C-4F42-9FBA-5E8586BF6BBB}"
EndProject
Global
	GlobalSection(SolutionConfigurationPlatforms) = preSolution
		Debug|Any CPU = Debug|Any CPU
		Release|Any CPU = Release|Any CPU
	EndGlobalSection
	GlobalSection(ProjectConfigurationPlatforms) = postSolution
		{257B26F7-E02C-4F42-9FBA-5E8586BF6BBB}.Debug|Any CPU.ActiveCfg = Debug|Any CPU
		{257B26F7-E02C-4F42-9FBA-5E8586BF6BBB}.Debug|Any CPU.Build.0 = Debug|Any CPU
		{257B26F7-E02C-4F42-9FBA-5E8586BF6BBB}.Release|Any CPU.ActiveCfg = Release|Any CPU
		{257B26F7-E02C-4F42-9FBA-5E8586BF6BBB}.Release|Any CPU.Build.0 = Release|Any CPU
	EndGlobalSection
	GlobalSection(SolutionProperties) = preSolution
		HideSolutionNode = FALSE
	EndGlobalSection
	GlobalSection(ExtensibilityGlobals) = postSolution
		SolutionGuid = {732BE174-4E9A-4FC7-AF0B-FE11BD8887A4}
	EndGlobalSection
EndGlobal
